
Microsoft Visual Studio Solution File, Format Version 12.00
# Visual Studio Version 17
VisualStudioVersion = 17.11.35312.102
MinimumVisualStudioVersion = 10.0.40219.1
Project("{FAE04EC0-301F-11D3-BF4B-00C04F79EFBC}") = "01_MainSubjects", "01_MainSubjects\01_MainSubjects.csproj", "{E46F3DAC-4927-42F4-A703-C9F8785A86E4}"
EndProject
Project("{FAE04EC0-301F-11D3-BF4B-00C04F79EFBC}") = "02_Variables", "02_Variables\02_Variables.csproj", "{9F73DD8A-9471-4F0D-BB0B-7065B95C12C8}"
EndProject
Project("{FAE04EC0-301F-11D3-BF4B-00C04F79EFBC}") = "03_MakingDecision", "03_MakingDecision\03_MakingDecision.csproj", "{99CF39B8-C576-4229-B36E-7D000928A8B2}"
EndProject
Project("{FAE04EC0-301F-11D3-BF4B-00C04F79EFBC}") = "04_Loops", "04_Loops\04_Loops.csproj", "{7DC30136-0B39-4847-BD67-4749B941FF61}"
EndProject
Project("{FAE04EC0-301F-11D3-BF4B-00C04F79EFBC}") = "05_LoopsWithStars", "05_LoopsWithStars\05_LoopsWithStars.csproj", "{AB9B4538-6128-4FFC-8540-265E706DBE2E}"
EndProject
Global
	GlobalSection(SolutionConfigurationPlatforms) = preSolution
		Debug|Any CPU = Debug|Any CPU
		Release|Any CPU = Release|Any CPU
	EndGlobalSection
	GlobalSection(ProjectConfigurationPlatforms) = postSolution
		{E46F3DAC-4927-42F4-A703-C9F8785A86E4}.Debug|Any CPU.ActiveCfg = Debug|Any CPU
		{E46F3DAC-4927-42F4-A703-C9F8785A86E4}.Debug|Any CPU.Build.0 = Debug|Any CPU
		{E46F3DAC-4927-42F4-A703-C9F8785A86E4}.Release|Any CPU.ActiveCfg = Release|Any CPU
		{E46F3DAC-4927-42F4-A703-C9F8785A86E4}.Release|Any CPU.Build.0 = Release|Any CPU
		{9F73DD8A-9471-4F0D-BB0B-7065B95C12C8}.Debug|Any CPU.ActiveCfg = Debug|Any CPU
		{9F73DD8A-9471-4F0D-BB0B-7065B95C12C8}.Debug|Any CPU.Build.0 = Debug|Any CPU
		{9F73DD8A-9471-4F0D-BB0B-7065B95C12C8}.Release|Any CPU.ActiveCfg = Release|Any CPU
		{9F73DD8A-9471-4F0D-BB0B-7065B95C12C8}.Release|Any CPU.Build.0 = Release|Any CPU
		{99CF39B8-C576-4229-B36E-7D000928A8B2}.Debug|Any CPU.ActiveCfg = Debug|Any CPU
		{99CF39B8-C576-4229-B36E-7D000928A8B2}.Debug|Any CPU.Build.0 = Debug|Any CPU
		{99CF39B8-C576-4229-B36E-7D000928A8B2}.Release|Any CPU.ActiveCfg = Release|Any CPU
		{99CF39B8-C576-4229-B36E-7D000928A8B2}.Release|Any CPU.Build.0 = Release|Any CPU
		{7DC30136-0B39-4847-BD67-4749B941FF61}.Debug|Any CPU.ActiveCfg = Debug|Any CPU
		{7DC30136-0B39-4847-BD67-4749B941FF61}.Debug|Any CPU.Build.0 = Debug|Any CPU
		{7DC30136-0B39-4847-BD67-4749B941FF61}.Release|Any CPU.ActiveCfg = Release|Any CPU
		{7DC30136-0B39-4847-BD67-4749B941FF61}.Release|Any CPU.Build.0 = Release|Any CPU
		{AB9B4538-6128-4FFC-8540-265E706DBE2E}.Debug|Any CPU.ActiveCfg = Debug|Any CPU
		{AB9B4538-6128-4FFC-8540-265E706DBE2E}.Debug|Any CPU.Build.0 = Debug|Any CPU
		{AB9B4538-6128-4FFC-8540-265E706DBE2E}.Release|Any CPU.ActiveCfg = Release|Any CPU
		{AB9B4538-6128-4FFC-8540-265E706DBE2E}.Release|Any CPU.Build.0 = Release|Any CPU
	EndGlobalSection
	GlobalSection(SolutionProperties) = preSolution
		HideSolutionNode = FALSE
	EndGlobalSection
	GlobalSection(ExtensibilityGlobals) = postSolution
		SolutionGuid = {18CA4F94-5607-41FA-A010-7E628181A3C2}
	EndGlobalSection
EndGlobal
